github.com/gregoryv/vt100 v0.1.0 h1:te0H5BuM8TMbU4tHn/UlEm2q5cWfORKFy/5swPN/Vhg=
github.com/gregoryv/vt100 v0.1.0/go.mod h1:4zoKX5+VhT5fnIQqN10NZAmrRjbzyZrAz8bD7HPJoCo=
github.com/gregoryv/vt100 v0.2.0 h1:eI6YLndVvGkERIL23Qbgq/XOy17pb49ehi+ECgOBPNY=
github.com/gregoryv/vt100 v0.2.0/go.mod h1:4zoKX5+VhT5fnIQqN10NZAmrRjbzyZrAz8bD7HPJoCo=
